
Microsoft Visual Studio Solution File, Format Version 12.00
# Visual Studio 15
VisualStudioVersion = 15.0.28307.757
MinimumVisualStudioVersion = 10.0.40219.1
Project("{FAE04EC0-301F-11D3-BF4B-00C04F79EFBC}") = "SimpleEncryptionPassword", "SimpleEncryptionPassword\SimpleEncryptionPassword.csproj", "{4597F495-1A3D-426E-8E24-DE39576D7208}"
EndProject
Global
	GlobalSection(SolutionConfigurationPlatforms) = preSolution
		Debug|Any CPU = Debug|Any CPU
		Release|Any CPU = Release|Any CPU
	EndGlobalSection
	GlobalSection(ProjectConfigurationPlatforms) = postSolution
		{4597F495-1A3D-426E-8E24-DE39576D7208}.Debug|Any CPU.ActiveCfg = Debug|Any CPU
		{4597F495-1A3D-426E-8E24-DE39576D7208}.Debug|Any CPU.Build.0 = Debug|Any CPU
		{4597F495-1A3D-426E-8E24-DE39576D7208}.Release|Any CPU.ActiveCfg = Release|Any CPU
		{4597F495-1A3D-426E-8E24-DE39576D7208}.Release|Any CPU.Build.0 = Release|Any CPU
	EndGlobalSection
	GlobalSection(SolutionProperties) = preSolution
		HideSolutionNode = FALSE
	EndGlobalSection
	GlobalSection(ExtensibilityGlobals) = postSolution
		SolutionGuid = {3B925D54-459B-4706-ABD4-4F765B39E3E2}
	EndGlobalSection
EndGlobal
